// !$*UTF8*$!
{
	archiveVersion = 1;
	classes = {
	};
	objectVersion = 46;
	objects = {

/* Begin PBXBuildFile section */
		AE89E56F1CC4CB16008DB7E9 /* main.m in Sources */ = {isa = PBXBuildFile; fileRef = AE89E56E1CC4CB16008DB7E9 /* main.m */; };
		AE89E5721CC4CB16008DB7E9 /* AppDelegate.m in Sources */ = {isa = PBXBuildFile; fileRef = AE89E5711CC4CB16008DB7E9 /* AppDelegate.m */; };
		AE89E5751CC4CB16008DB7E9 /* ViewController.m in Sources */ = {isa = PBXBuildFile; fileRef = AE89E5741CC4CB16008DB7E9 /* ViewController.m */; };
		AE89E5781CC4CB16008DB7E9 /* Main.storyboard in Resources */ = {isa = PBXBuildFile; fileRef = AE89E5761CC4CB16008DB7E9 /* Main.storyboard */; };
		AE89E57A1CC4CB16008DB7E9 /* Assets.xcassets in Resources */ = {isa = PBXBuildFile; fileRef = AE89E5791CC4CB16008DB7E9 /* Assets.xcassets */; };
		AE89E57D1CC4CB16008DB7E9 /* LaunchScreen.storyboard in Resources */ = {isa = PBXBuildFile; fileRef = AE89E57B1CC4CB16008DB7E9 /* LaunchScreen.storyboard */; };
/* End PBXBuildFile section */

/* Begin PBXFileReference section */
		AE89E56A1CC4CB16008DB7E9 /* Modal.app */ = {isa = PBXFileReference; explicitFileType = wrapper.application; includeInIndex = 0; path = Modal.app; sourceTree = BUILT_PRODUCTS_DIR; };
		AE89E56E1CC4CB16008DB7E9 /* main.m */ = {isa = PBXFileReference; lastKnownFileType = sourcecode.c.objc; path = main.m; sourceTree = "<group>"; };
		AE89E5701CC4CB16008DB7E9 /* AppDelegate.h */ = {isa = PBXFileReference; lastKnownFileType = sourcecode.c.h; path = AppDelegate.h; sourceTree = "<group>"; };
		AE89E5711CC4CB16008DB7E9 /* AppDelegate.m */ = {isa = PBXFileReference; lastKnownFileType = sourcecode.c.objc; path = AppDelegate.m; sourceTree = "<group>"; };
		AE89E5731CC4CB16008DB7E9 /* ViewController.h */ = {isa = PBXFileReference; lastKnownFileType = sourcecode.c.h; path = ViewController.h; sourceTree = "<group>"; };
		AE89E5741CC4CB16008DB7E9 /* ViewController.m */ = {isa = PBXFileReference; lastKnownFileType = sourcecode.c.objc; path = ViewController.m; sourceTree = "<group>"; };
		AE89E5771CC4CB16008DB7E9 /* Base */ = {isa = PBXFileReference; lastKnownFileType = file.storyboard; name = Base; path = Base.lproj/Main.storyboard; sourceTree = "<group>"; };
		AE89E5791CC4CB16008DB7E9 /* Assets.xcassets */ = {isa = PBXFileReference; lastKnownFileType = folder.assetcatalog; path = Assets.xcassets; sourceTree = "<group>"; };
		AE89E57C1CC4CB16008DB7E9 /* Base */ = {isa = PBXFileReference; lastKnownFileType = file.storyboard; name = Base; path = Base.lproj/LaunchScreen.storyboard; sourceTree = "<group>"; };
		AE89E57E1CC4CB16008DB7E9 /* Info.plist */ = {isa = PBXFileReference; lastKnownFileType = text.plist.xml; path = Info.plist; sourceTree = "<group>"; };
/* End PBXFileReference section */

/* Begin PBXFrameworksBuildPhase section */
		AE89E5671CC4CB16008DB7E9 /* Frameworks */ = {
			isa = PBXFrameworksBuildPhase;
			buildActionMask = 2147483647;
			files = (
			);
			runOnlyForDeploymentPostprocessing = 0;
		};
/* End PBXFrameworksBuildPhase section */

/* Begin PBXGroup section */
		AE89E5611CC4CB16008DB7E9 = {
			isa = PBXGroup;
			children = (
				AE89E56C1CC4CB16008DB7E9 /* Modal */,
				AE89E56B1CC4CB16008DB7E9 /* Products */,
			);
			sourceTree = "<group>";
		};
		AE89E56B1CC4CB16008DB7E9 /* Products */ = {
			isa = PBXGroup;
			children = (
				AE89E56A1CC4CB16008DB7E9 /* Modal.app */,
			);
			name = Products;
			sourceTree = "<group>";
		};
		AE89E56C1CC4CB16008DB7E9 /* Modal */ = {
			isa = PBXGroup;
			children = (
				AE89E5701CC4CB16008DB7E9 /* AppDelegate.h */,
				AE89E5711CC4CB16008DB7E9 /* AppDelegate.m */,
				AE89E5731CC4CB16008DB7E9 /* ViewController.h */,
				AE89E5741CC4CB16008DB7E9 /* ViewController.m */,
				AE89E5761CC4CB16008DB7E9 /* Main.storyboard */,
				AE89E5791CC4CB16008DB7E9 /* Assets.xcassets */,
				AE89E57B1CC4CB16008DB7E9 /* LaunchScreen.storyboard */,
				AE89E57E1CC4CB16008DB7E9 /* Info.plist */,
				AE89E56D1CC4CB16008DB7E9 /* Supporting Files */,
			);
			path = Modal;
			sourceTree = "<group>";
		};
		AE89E56D1CC4CB16008DB7E9 /* Supporting Files */ = {
			isa = PBXGroup;
			children = (
				AE89E56E1CC4CB16008DB7E9 /* main.m */,
			);
			name = "Supporting Files";
			sourceTree = "<group>";
		};
/* End PBXGroup section */

/* Begin PBXNativeTarget section */
		AE89E5691CC4CB16008DB7E9 /* Modal */ = {
			isa = PBXNativeTarget;
			buildConfigurationList = AE89E5811CC4CB16008DB7E9 /* Build configuration list for PBXNativeTarget "Modal" */;
			buildPhases = (
				AE89E5661CC4CB16008DB7E9 /* Sources */,
				AE89E5671CC4CB16008DB7E9 /* Frameworks */,
				AE89E5681CC4CB16008DB7E9 /* Resources */,
			);
			buildRules = (
			);
			dependencies = (
			);
			name = Modal;
			productName = Modal;
			productReference = AE89E56A1CC4CB16008DB7E9 /* Modal.app */;
			productType = "com.apple.product-type.application";
		};
/* End PBXNativeTarget section */

/* Begin PBXProject section */
		AE89E5621CC4CB16008DB7E9 /* Project object */ = {
			isa = PBXProject;
			attributes = {
				LastUpgradeCheck = 0710;
				ORGANIZATIONNAME = "曾鹏浩";
				TargetAttributes = {
					AE89E5691CC4CB16008DB7E9 = {
						CreatedOnToolsVersion = 7.1.1;
					};
				};
			};
			buildConfigurationList = AE89E5651CC4CB16008DB7E9 /* Build configuration list for PBXProject "Modal" */;
			compatibilityVersion = "Xcode 3.2";
			developmentRegion = English;
			hasScannedForEncodings = 0;
			knownRegions = (
				en,
				Base,
			);
			mainGroup = AE89E5611CC4CB16008DB7E9;
			productRefGroup = AE89E56B1CC4CB16008DB7E9 /* Products */;
			projectDirPath = "";
			projectRoot = "";
			targets = (
				AE89E5691CC4CB16008DB7E9 /* Modal */,
			);
		};
/* End PBXProject section */

/* Begin PBXResourcesBuildPhase section */
		AE89E5681CC4CB16008DB7E9 /* Resources */ = {
			isa = PBXResourcesBuildPhase;
			buildActionMask = 2147483647;
			files = (
				AE89E57D1CC4CB16008DB7E9 /* LaunchScreen.storyboard in Resources */,
				AE89E57A1CC4CB16008DB7E9 /* Assets.xcassets in Resources */,
				AE89E5781CC4CB16008DB7E9 /* Main.storyboard in Resources */,
			);
			runOnlyForDeploymentPostprocessing = 0;
		};
/* End PBXResourcesBuildPhase section */

/* Begin PBXSourcesBuildPhase section */
		AE89E5661CC4CB16008DB7E9 /* Sources */ = {
			isa = PBXSourcesBuildPhase;
			buildActionMask = 2147483647;
			files = (
				AE89E5751CC4CB16008DB7E9 /* ViewController.m in Sources */,
				AE89E5721CC4CB16008DB7E9 /* AppDelegate.m in Sources */,
				AE89E56F1CC4CB16008DB7E9 /* main.m in Sources */,
			);
			runOnlyForDeploymentPostprocessing = 0;
		};
/* End PBXSourcesBuildPhase section */

/* Begin PBXVariantGroup section */
		AE89E5761CC4CB16008DB7E9 /* Main.storyboard */ = {
			isa = PBXVariantGroup;
			children = (
				AE89E5771CC4CB16008DB7E9 /* Base */,
			);
			name = Main.storyboard;
			sourceTree = "<group>";
		};
		AE89E57B1CC4CB16008DB7E9 /* LaunchScreen.storyboard */ = {
			isa = PBXVariantGroup;
			children = (
				AE89E57C1CC4CB16008DB7E9 /* Base */,
			);
			name = LaunchScreen.storyboard;
			sourceTree = "<group>";
		};
/* End PBXVariantGroup section */

/* Begin XCBuildConfiguration section */
		AE89E57F1CC4CB16008DB7E9 /* Debug */ = {
			isa = XCBuildConfiguration;
			buildSettings = {
				ALWAYS_SEARCH_USER_PATHS = NO;
				CLANG_CXX_LANGUAGE_STANDARD = "gnu++0x";
				CLANG_CXX_LIBRARY = "libc++";
				CLANG_ENABLE_MODULES = YES;
				CLANG_ENABLE_OBJC_ARC = YES;
				CLANG_WARN_BOOL_CONVERSION = YES;
				CLANG_WARN_CONSTANT_CONVERSION = YES;
				CLANG_WARN_DIRECT_OBJC_ISA_USAGE = YES_ERROR;
				CLANG_WARN_EMPTY_BODY = YES;
				CLANG_WARN_ENUM_CONVERSION = YES;
				CLANG_WARN_INT_CONVERSION = YES;
				CLANG_WARN_OBJC_ROOT_CLASS = YES_ERROR;
				CLANG_WARN_UNREACHABLE_CODE = YES;
				CLANG_WARN__DUPLICATE_METHOD_MATCH = YES;
				"CODE_SIGN_IDENTITY[sdk=iphoneos*]" = "iPhone Developer";
				COPY_PHASE_STRIP = NO;
				DEBUG_INFORMATION_FORMAT = dwarf;
				ENABLE_STRICT_OBJC_MSGSEND = YES;
				ENABLE_TESTABILITY = YES;
				GCC_C_LANGUAGE_STANDARD = gnu99;
				GCC_DYNAMIC_NO_PIC = NO;
				GCC_NO_COMMON_BLOCKS = YES;
				GCC_OPTIMIZATION_LEVEL = 0;
				GCC_PREPROCESSOR_DEFINITIONS = (
					"DEBUG=1",
					"$(inherited)",
				);
				GCC_WARN_64_TO_32_BIT_CONVERSION = YES;
				GCC_WARN_ABOUT_RETURN_TYPE = YES_ERROR;
				GCC_WARN_UNDECLARED_SELECTOR = YES;
				GCC_WARN_UNINITIALIZED_AUTOS = YES_AGGRESSIVE;
				GCC_WARN_UNUSED_FUNCTION = YES;
				GCC_WARN_UNUSED_VARIABLE = YES;
				IPHONEOS_DEPLOYMENT_TARGET = 9.1;
				MTL_ENABLE_DEBUG_INFO = YES;
				ONLY_ACTIVE_ARCH = YES;
				SDKROOT = iphoneos;
				TARGETED_DEVICE_FAMILY = "1,2";
			};
			name = Debug;
		};
		AE89E5801CC4CB16008DB7E9 /* Release */ = {
			isa = XCBuildConfiguration;
			buildSettings = {
				ALWAYS_SEARCH_USER_PATHS = NO;
				CLANG_CXX_LANGUAGE_STANDARD = "gnu++0x";
				CLANG_CXX_LIBRARY = "libc++";
				CLANG_ENABLE_MODULES = YES;
				CLANG_ENABLE_OBJC_ARC = YES;
				CLANG_WARN_BOOL_CONVERSION = YES;
				CLANG_WARN_CONSTANT_CONVERSION = YES;
				CLANG_WARN_DIRECT_OBJC_ISA_USAGE = YES_ERROR;
				CLANG_WARN_EMPTY_BODY = YES;
				CLANG_WARN_ENUM_CONVERSION = YES;
				CLANG_WARN_INT_CONVERSION = YES;
				CLANG_WARN_OBJC_ROOT_CLASS = YES_ERROR;
				CLANG_WARN_UNREACHABLE_CODE = YES;
				CLANG_WARN__DUPLICATE_METHOD_MATCH = YES;
				"CODE_SIGN_IDENTITY[sdk=iphoneos*]" = "iPhone Developer";
				COPY_PHASE_STRIP = NO;
				DEBUG_INFORMATION_FORMAT = "dwarf-with-dsym";
				ENABLE_NS_ASSERTIONS = NO;
				ENABLE_STRICT_OBJC_MSGSEND = YES;
				GCC_C_LANGUAGE_STANDARD = gnu99;
				GCC_NO_COMMON_BLOCKS = YES;
				GCC_WARN_64_TO_32_BIT_CONVERSION = YES;
				GCC_WARN_ABOUT_RETURN_TYPE = YES_ERROR;
				GCC_WARN_UNDECLARED_SELECTOR = YES;
				GCC_WARN_UNINITIALIZED_AUTOS = YES_AGGRESSIVE;
				GCC_WARN_UNUSED_FUNCTION = YES;
				GCC_WARN_UNUSED_VARIABLE = YES;
				IPHONEOS_DEPLOYMENT_TARGET = 9.1;
				MTL_ENABLE_DEBUG_INFO = NO;
				SDKROOT = iphoneos;
				TARGETED_DEVICE_FAMILY = "1,2";
				VALIDATE_PRODUCT = YES;
			};
			name = Release;
		};
		AE89E5821CC4CB16008DB7E9 /* Debug */ = {
			isa = XCBuildConfiguration;
			buildSettings = {
				ASSETCATALOG_COMPILER_APPICON_NAME = AppIcon;
				INFOPLIST_FILE = Modal/Info.plist;
				LD_RUNPATH_SEARCH_PATHS = "$(inherited) @executable_path/Frameworks";
				PRODUCT_BUNDLE_IDENTIFIER = com.thinkofsomethingclever.Modal;
				PRODUCT_NAME = "$(TARGET_NAME)";
			};
			name = Debug;
		};
		AE89E5831CC4CB16008DB7E9 /* Release */ = {
			isa = XCBuildConfiguration;
			buildSettings = {
				ASSETCATALOG_COMPILER_APPICON_NAME = AppIcon;
				INFOPLIST_FILE = Modal/Info.plist;
				LD_RUNPATH_SEARCH_PATHS = "$(inherited) @executable_path/Frameworks";
				PRODUCT_BUNDLE_IDENTIFIER = com.thinkofsomethingclever.Modal;
				PRODUCT_NAME = "$(TARGET_NAME)";
			};
			name = Release;
		};
/* End XCBuildConfiguration section */

/* Begin XCConfigurationList section */
		AE89E5651CC4CB16008DB7E9 /* Build configuration list for PBXProject "Modal" */ = {
			isa = XCConfigurationList;
			buildConfigurations = (
				AE89E57F1CC4CB16008DB7E9 /* Debug */,
				AE89E5801CC4CB16008DB7E9 /* Release */,
			);
			defaultConfigurationIsVisible = 0;
			defaultConfigurationName = Release;
		};
		AE89E5811CC4CB16008DB7E9 /* Build configuration list for PBXNativeTarget "Modal" */ = {
			isa = XCConfigurationList;
			buildConfigurations = (
				AE89E5821CC4CB16008DB7E9 /* Debug */,
				AE89E5831CC4CB16008DB7E9 /* Release */,
			);
			defaultConfigurationIsVisible = 0;
		};
/* End XCConfigurationList section */
	};
	rootObject = AE89E5621CC4CB16008DB7E9 /* Project object */;
}
